
Microsoft Visual Studio Solution File, Format Version 12.00
# Visual Studio Version 16
VisualStudioVersion = 16.0.30114.105
MinimumVisualStudioVersion = 10.0.40219.1
Project("{FAE04EC0-301F-11D3-BF4B-00C04F79EFBC}") = "Poly", "Poly\Poly.csproj", "{13703AC1-A6CF-4F41-A8E9-337111D8850D}"
EndProject
Project("{FAE04EC0-301F-11D3-BF4B-00C04F79EFBC}") = "Test", "Test\Test.csproj", "{BFC624C0-E175-4AFB-AB89-CA86DAB680D8}"
EndProject
Project("{FAE04EC0-301F-11D3-BF4B-00C04F79EFBC}") = "Game", "Game\Game.csproj", "{76109C62-9520-4732-B028-0BE45BE6BB67}"
EndProject
Global
	GlobalSection(SolutionConfigurationPlatforms) = preSolution
		Debug|Any CPU = Debug|Any CPU
		Release|Any CPU = Release|Any CPU
	EndGlobalSection
	GlobalSection(SolutionProperties) = preSolution
		HideSolutionNode = FALSE
	EndGlobalSection
	GlobalSection(ProjectConfigurationPlatforms) = postSolution
		{13703AC1-A6CF-4F41-A8E9-337111D8850D}.Debug|Any CPU.ActiveCfg = Debug|Any CPU
		{13703AC1-A6CF-4F41-A8E9-337111D8850D}.Debug|Any CPU.Build.0 = Debug|Any CPU
		{13703AC1-A6CF-4F41-A8E9-337111D8850D}.Release|Any CPU.ActiveCfg = Release|Any CPU
		{13703AC1-A6CF-4F41-A8E9-337111D8850D}.Release|Any CPU.Build.0 = Release|Any CPU
		{BFC624C0-E175-4AFB-AB89-CA86DAB680D8}.Debug|Any CPU.ActiveCfg = Debug|Any CPU
		{BFC624C0-E175-4AFB-AB89-CA86DAB680D8}.Debug|Any CPU.Build.0 = Debug|Any CPU
		{BFC624C0-E175-4AFB-AB89-CA86DAB680D8}.Release|Any CPU.ActiveCfg = Release|Any CPU
		{BFC624C0-E175-4AFB-AB89-CA86DAB680D8}.Release|Any CPU.Build.0 = Release|Any CPU
		{76109C62-9520-4732-B028-0BE45BE6BB67}.Debug|Any CPU.ActiveCfg = Debug|Any CPU
		{76109C62-9520-4732-B028-0BE45BE6BB67}.Debug|Any CPU.Build.0 = Debug|Any CPU
		{76109C62-9520-4732-B028-0BE45BE6BB67}.Release|Any CPU.ActiveCfg = Release|Any CPU
		{76109C62-9520-4732-B028-0BE45BE6BB67}.Release|Any CPU.Build.0 = Release|Any CPU
	EndGlobalSection
EndGlobal
